
Microsoft Visual Studio Solution File, Format Version 12.00
# Visual Studio Version 16
VisualStudioVersion = 16.0.30011.22
MinimumVisualStudioVersion = 10.0.40219.1
Project("{FAE04EC0-301F-11D3-BF4B-00C04F79EFBC}") = "ProjetoVendas", "ProjetoVendas\ProjetoVendas.csproj", "{F0C8B60F-ED91-4C9E-82BB-8B815BCF404B}"
EndProject
Global
	GlobalSection(SolutionConfigurationPlatforms) = preSolution
		Debug|Any CPU = Debug|Any CPU
		Release|Any CPU = Release|Any CPU
	EndGlobalSection
	GlobalSection(ProjectConfigurationPlatforms) = postSolution
		{F0C8B60F-ED91-4C9E-82BB-8B815BCF404B}.Debug|Any CPU.ActiveCfg = Debug|Any CPU
		{F0C8B60F-ED91-4C9E-82BB-8B815BCF404B}.Debug|Any CPU.Build.0 = Debug|Any CPU
		{F0C8B60F-ED91-4C9E-82BB-8B815BCF404B}.Release|Any CPU.ActiveCfg = Release|Any CPU
		{F0C8B60F-ED91-4C9E-82BB-8B815BCF404B}.Release|Any CPU.Build.0 = Release|Any CPU
	EndGlobalSection
	GlobalSection(SolutionProperties) = preSolution
		HideSolutionNode = FALSE
	EndGlobalSection
	GlobalSection(ExtensibilityGlobals) = postSolution
		SolutionGuid = {70287C8D-7F3C-477F-8729-12A728C4426E}
	EndGlobalSection
EndGlobal
